{
  "version": "4",
  "specifiers": {
    "jsr:@std/assert@*": "1.0.6",
    "jsr:@std/internal@^1.0.4": "1.0.4",
    "npm:jtd@*": "0.1.1"
  },
  "jsr": {
    "@std/assert@1.0.6": {
      "integrity": "1904c05806a25d94fe791d6d883b685c9e2dcd60e4f9fc30f4fc5cf010c72207",
      "dependencies": [
        "jsr:@std/internal"
      ]
    },
    "@std/internal@1.0.4": {
      "integrity": "62e8e4911527e5e4f307741a795c0b0a9e6958d0b3790716ae71ce085f755422"
    }
  },
  "npm": {
    "jtd@0.1.1": {
      "integrity": "sha512-D1unKfAE0A/sVLqJZs8mCSW812w651GJuV94WcXRAbx0Xv2j2yjW8qeO5pugXbTMX4k2/ojIH8kQ06LGj9QcaA=="
    }
  }
}
